// !$*UTF8*$!
{
	archiveVersion = 1;
	classes = {
	};
	objectVersion = 46;
	objects = {

/* Begin PBXBuildFile section */
		0692BB9D1C0D8959009DE431 /* main.m in Sources */ = {isa = PBXBuildFile; fileRef = 0692BB9C1C0D8959009DE431 /* main.m */; };
		0692BBA01C0D8959009DE431 /* AppDelegate.m in Sources */ = {isa = PBXBuildFile; fileRef = 0692BB9F1C0D8959009DE431 /* AppDelegate.m */; };
		0692BBA31C0D8959009DE431 /* ViewController.m in Sources */ = {isa = PBXBuildFile; fileRef = 0692BBA21C0D8959009DE431 /* ViewController.m */; };
		0692BBA61C0D8959009DE431 /* Main.storyboard in Resources */ = {isa = PBXBuildFile; fileRef = 0692BBA41C0D8959009DE431 /* Main.storyboard */; };
		0692BBA81C0D8959009DE431 /* Assets.xcassets in Resources */ = {isa = PBXBuildFile; fileRef = 0692BBA71C0D8959009DE431 /* Assets.xcassets */; };
		0692BBAB1C0D8959009DE431 /* LaunchScreen.storyboard in Resources */ = {isa = PBXBuildFile; fileRef = 0692BBA91C0D8959009DE431 /* LaunchScreen.storyboard */; };
/* End PBXBuildFile section */

/* Begin PBXFileReference section */
		0692BB981C0D8959009DE431 /* BluetoothCentral.app */ = {isa = PBXFileReference; explicitFileType = wrapper.application; includeInIndex = 0; path = BluetoothCentral.app; sourceTree = BUILT_PRODUCTS_DIR; };
		0692BB9C1C0D8959009DE431 /* main.m */ = {isa = PBXFileReference; lastKnownFileType = sourcecode.c.objc; path = main.m; sourceTree = "<group>"; };
		0692BB9E1C0D8959009DE431 /* AppDelegate.h */ = {isa = PBXFileReference; lastKnownFileType = sourcecode.c.h; path = AppDelegate.h; sourceTree = "<group>"; };
		0692BB9F1C0D8959009DE431 /* AppDelegate.m */ = {isa = PBXFileReference; lastKnownFileType = sourcecode.c.objc; path = AppDelegate.m; sourceTree = "<group>"; };
		0692BBA11C0D8959009DE431 /* ViewController.h */ = {isa = PBXFileReference; lastKnownFileType = sourcecode.c.h; path = ViewController.h; sourceTree = "<group>"; };
		0692BBA21C0D8959009DE431 /* ViewController.m */ = {isa = PBXFileReference; lastKnownFileType = sourcecode.c.objc; path = ViewController.m; sourceTree = "<group>"; };
		0692BBA51C0D8959009DE431 /* Base */ = {isa = PBXFileReference; lastKnownFileType = file.storyboard; name = Base; path = Base.lproj/Main.storyboard; sourceTree = "<group>"; };
		0692BBA71C0D8959009DE431 /* Assets.xcassets */ = {isa = PBXFileReference; lastKnownFileType = folder.assetcatalog; path = Assets.xcassets; sourceTree = "<group>"; };
		0692BBAA1C0D8959009DE431 /* Base */ = {isa = PBXFileReference; lastKnownFileType = file.storyboard; name = Base; path = Base.lproj/LaunchScreen.storyboard; sourceTree = "<group>"; };
		0692BBAC1C0D8959009DE431 /* Info.plist */ = {isa = PBXFileReference; lastKnownFileType = text.plist.xml; path = Info.plist; sourceTree = "<group>"; };
/* End PBXFileReference section */

/* Begin PBXFrameworksBuildPhase section */
		0692BB951C0D8959009DE431 /* Frameworks */ = {
			isa = PBXFrameworksBuildPhase;
			buildActionMask = 2147483647;
			files = (
			);
			runOnlyForDeploymentPostprocessing = 0;
		};
/* End PBXFrameworksBuildPhase section */

/* Begin PBXGroup section */
		0692BB8F1C0D8959009DE431 = {
			isa = PBXGroup;
			children = (
				0692BB9A1C0D8959009DE431 /* BluetoothCentral */,
				0692BB991C0D8959009DE431 /* Products */,
			);
			sourceTree = "<group>";
		};
		0692BB991C0D8959009DE431 /* Products */ = {
			isa = PBXGroup;
			children = (
				0692BB981C0D8959009DE431 /* BluetoothCentral.app */,
			);
			name = Products;
			sourceTree = "<group>";
		};
		0692BB9A1C0D8959009DE431 /* BluetoothCentral */ = {
			isa = PBXGroup;
			children = (
				0692BB9E1C0D8959009DE431 /* AppDelegate.h */,
				0692BB9F1C0D8959009DE431 /* AppDelegate.m */,
				0692BBA11C0D8959009DE431 /* ViewController.h */,
				0692BBA21C0D8959009DE431 /* ViewController.m */,
				0692BBA41C0D8959009DE431 /* Main.storyboard */,
				0692BBA71C0D8959009DE431 /* Assets.xcassets */,
				0692BBA91C0D8959009DE431 /* LaunchScreen.storyboard */,
				0692BBAC1C0D8959009DE431 /* Info.plist */,
				0692BB9B1C0D8959009DE431 /* Supporting Files */,
			);
			path = BluetoothCentral;
			sourceTree = "<group>";
		};
		0692BB9B1C0D8959009DE431 /* Supporting Files */ = {
			isa = PBXGroup;
			children = (
				0692BB9C1C0D8959009DE431 /* main.m */,
			);
			name = "Supporting Files";
			sourceTree = "<group>";
		};
/* End PBXGroup section */

/* Begin PBXNativeTarget section */
		0692BB971C0D8959009DE431 /* BluetoothCentral */ = {
			isa = PBXNativeTarget;
			buildConfigurationList = 0692BBAF1C0D8959009DE431 /* Build configuration list for PBXNativeTarget "BluetoothCentral" */;
			buildPhases = (
				0692BB941C0D8959009DE431 /* Sources */,
				0692BB951C0D8959009DE431 /* Frameworks */,
				0692BB961C0D8959009DE431 /* Resources */,
			);
			buildRules = (
			);
			dependencies = (
			);
			name = BluetoothCentral;
			productName = BluetoothCentral;
			productReference = 0692BB981C0D8959009DE431 /* BluetoothCentral.app */;
			productType = "com.apple.product-type.application";
		};
/* End PBXNativeTarget section */

/* Begin PBXProject section */
		0692BB901C0D8959009DE431 /* Project object */ = {
			isa = PBXProject;
			attributes = {
				LastUpgradeCheck = 0710;
				ORGANIZATIONNAME = limingru;
				TargetAttributes = {
					0692BB971C0D8959009DE431 = {
						CreatedOnToolsVersion = 7.1.1;
					};
				};
			};
			buildConfigurationList = 0692BB931C0D8959009DE431 /* Build configuration list for PBXProject "BluetoothCentral" */;
			compatibilityVersion = "Xcode 3.2";
			developmentRegion = English;
			hasScannedForEncodings = 0;
			knownRegions = (
				en,
				Base,
			);
			mainGroup = 0692BB8F1C0D8959009DE431;
			productRefGroup = 0692BB991C0D8959009DE431 /* Products */;
			projectDirPath = "";
			projectRoot = "";
			targets = (
				0692BB971C0D8959009DE431 /* BluetoothCentral */,
			);
		};
/* End PBXProject section */

/* Begin PBXResourcesBuildPhase section */
		0692BB961C0D8959009DE431 /* Resources */ = {
			isa = PBXResourcesBuildPhase;
			buildActionMask = 2147483647;
			files = (
				0692BBAB1C0D8959009DE431 /* LaunchScreen.storyboard in Resources */,
				0692BBA81C0D8959009DE431 /* Assets.xcassets in Resources */,
				0692BBA61C0D8959009DE431 /* Main.storyboard in Resources */,
			);
			runOnlyForDeploymentPostprocessing = 0;
		};
/* End PBXResourcesBuildPhase section */

/* Begin PBXSourcesBuildPhase section */
		0692BB941C0D8959009DE431 /* Sources */ = {
			isa = PBXSourcesBuildPhase;
			buildActionMask = 2147483647;
			files = (
				0692BBA31C0D8959009DE431 /* ViewController.m in Sources */,
				0692BBA01C0D8959009DE431 /* AppDelegate.m in Sources */,
				0692BB9D1C0D8959009DE431 /* main.m in Sources */,
			);
			runOnlyForDeploymentPostprocessing = 0;
		};
/* End PBXSourcesBuildPhase section */

/* Begin PBXVariantGroup section */
		0692BBA41C0D8959009DE431 /* Main.storyboard */ = {
			isa = PBXVariantGroup;
			children = (
				0692BBA51C0D8959009DE431 /* Base */,
			);
			name = Main.storyboard;
			sourceTree = "<group>";
		};
		0692BBA91C0D8959009DE431 /* LaunchScreen.storyboard */ = {
			isa = PBXVariantGroup;
			children = (
				0692BBAA1C0D8959009DE431 /* Base */,
			);
			name = LaunchScreen.storyboard;
			sourceTree = "<group>";
		};
/* End PBXVariantGroup section */

/* Begin XCBuildConfiguration section */
		0692BBAD1C0D8959009DE431 /* Debug */ = {
			isa = XCBuildConfiguration;
			buildSettings = {
				ALWAYS_SEARCH_USER_PATHS = NO;
				CLANG_CXX_LANGUAGE_STANDARD = "gnu++0x";
				CLANG_CXX_LIBRARY = "libc++";
				CLANG_ENABLE_MODULES = YES;
				CLANG_ENABLE_OBJC_ARC = YES;
				CLANG_WARN_BOOL_CONVERSION = YES;
				CLANG_WARN_CONSTANT_CONVERSION = YES;
				CLANG_WARN_DIRECT_OBJC_ISA_USAGE = YES_ERROR;
				CLANG_WARN_EMPTY_BODY = YES;
				CLANG_WARN_ENUM_CONVERSION = YES;
				CLANG_WARN_INT_CONVERSION = YES;
				CLANG_WARN_OBJC_ROOT_CLASS = YES_ERROR;
				CLANG_WARN_UNREACHABLE_CODE = YES;
				CLANG_WARN__DUPLICATE_METHOD_MATCH = YES;
				"CODE_SIGN_IDENTITY[sdk=iphoneos*]" = "iPhone Developer";
				COPY_PHASE_STRIP = NO;
				DEBUG_INFORMATION_FORMAT = dwarf;
				ENABLE_STRICT_OBJC_MSGSEND = YES;
				ENABLE_TESTABILITY = YES;
				GCC_C_LANGUAGE_STANDARD = gnu99;
				GCC_DYNAMIC_NO_PIC = NO;
				GCC_NO_COMMON_BLOCKS = YES;
				GCC_OPTIMIZATION_LEVEL = 0;
				GCC_PREPROCESSOR_DEFINITIONS = (
					"DEBUG=1",
					"$(inherited)",
				);
				GCC_WARN_64_TO_32_BIT_CONVERSION = YES;
				GCC_WARN_ABOUT_RETURN_TYPE = YES_ERROR;
				GCC_WARN_UNDECLARED_SELECTOR = YES;
				GCC_WARN_UNINITIALIZED_AUTOS = YES_AGGRESSIVE;
				GCC_WARN_UNUSED_FUNCTION = YES;
				GCC_WARN_UNUSED_VARIABLE = YES;
				IPHONEOS_DEPLOYMENT_TARGET = 9.1;
				MTL_ENABLE_DEBUG_INFO = YES;
				ONLY_ACTIVE_ARCH = YES;
				SDKROOT = iphoneos;
			};
			name = Debug;
		};
		0692BBAE1C0D8959009DE431 /* Release */ = {
			isa = XCBuildConfiguration;
			buildSettings = {
				ALWAYS_SEARCH_USER_PATHS = NO;
				CLANG_CXX_LANGUAGE_STANDARD = "gnu++0x";
				CLANG_CXX_LIBRARY = "libc++";
				CLANG_ENABLE_MODULES = YES;
				CLANG_ENABLE_OBJC_ARC = YES;
				CLANG_WARN_BOOL_CONVERSION = YES;
				CLANG_WARN_CONSTANT_CONVERSION = YES;
				CLANG_WARN_DIRECT_OBJC_ISA_USAGE = YES_ERROR;
				CLANG_WARN_EMPTY_BODY = YES;
				CLANG_WARN_ENUM_CONVERSION = YES;
				CLANG_WARN_INT_CONVERSION = YES;
				CLANG_WARN_OBJC_ROOT_CLASS = YES_ERROR;
				CLANG_WARN_UNREACHABLE_CODE = YES;
				CLANG_WARN__DUPLICATE_METHOD_MATCH = YES;
				"CODE_SIGN_IDENTITY[sdk=iphoneos*]" = "iPhone Developer";
				COPY_PHASE_STRIP = NO;
				DEBUG_INFORMATION_FORMAT = "dwarf-with-dsym";
				ENABLE_NS_ASSERTIONS = NO;
				ENABLE_STRICT_OBJC_MSGSEND = YES;
				GCC_C_LANGUAGE_STANDARD = gnu99;
				GCC_NO_COMMON_BLOCKS = YES;
				GCC_WARN_64_TO_32_BIT_CONVERSION = YES;
				GCC_WARN_ABOUT_RETURN_TYPE = YES_ERROR;
				GCC_WARN_UNDECLARED_SELECTOR = YES;
				GCC_WARN_UNINITIALIZED_AUTOS = YES_AGGRESSIVE;
				GCC_WARN_UNUSED_FUNCTION = YES;
				GCC_WARN_UNUSED_VARIABLE = YES;
				IPHONEOS_DEPLOYMENT_TARGET = 9.1;
				MTL_ENABLE_DEBUG_INFO = NO;
				SDKROOT = iphoneos;
				VALIDATE_PRODUCT = YES;
			};
			name = Release;
		};
		0692BBB01C0D8959009DE431 /* Debug */ = {
			isa = XCBuildConfiguration;
			buildSettings = {
				ASSETCATALOG_COMPILER_APPICON_NAME = AppIcon;
				INFOPLIST_FILE = BluetoothCentral/Info.plist;
				LD_RUNPATH_SEARCH_PATHS = "$(inherited) @executable_path/Frameworks";
				PRODUCT_BUNDLE_IDENTIFIER = com.BluetoothCentral;
				PRODUCT_NAME = "$(TARGET_NAME)";
			};
			name = Debug;
		};
		0692BBB11C0D8959009DE431 /* Release */ = {
			isa = XCBuildConfiguration;
			buildSettings = {
				ASSETCATALOG_COMPILER_APPICON_NAME = AppIcon;
				INFOPLIST_FILE = BluetoothCentral/Info.plist;
				LD_RUNPATH_SEARCH_PATHS = "$(inherited) @executable_path/Frameworks";
				PRODUCT_BUNDLE_IDENTIFIER = com.BluetoothCentral;
				PRODUCT_NAME = "$(TARGET_NAME)";
			};
			name = Release;
		};
/* End XCBuildConfiguration section */

/* Begin XCConfigurationList section */
		0692BB931C0D8959009DE431 /* Build configuration list for PBXProject "BluetoothCentral" */ = {
			isa = XCConfigurationList;
			buildConfigurations = (
				0692BBAD1C0D8959009DE431 /* Debug */,
				0692BBAE1C0D8959009DE431 /* Release */,
			);
			defaultConfigurationIsVisible = 0;
			defaultConfigurationName = Release;
		};
		0692BBAF1C0D8959009DE431 /* Build configuration list for PBXNativeTarget "BluetoothCentral" */ = {
			isa = XCConfigurationList;
			buildConfigurations = (
				0692BBB01C0D8959009DE431 /* Debug */,
				0692BBB11C0D8959009DE431 /* Release */,
			);
			defaultConfigurationIsVisible = 0;
		};
/* End XCConfigurationList section */
	};
	rootObject = 0692BB901C0D8959009DE431 /* Project object */;
}
